
Microsoft Visual Studio Solution File, Format Version 12.00
# Visual Studio Version 16
VisualStudioVersion = 16.0.31321.278
MinimumVisualStudioVersion = 10.0.40219.1
Project("{FAE04EC0-301F-11D3-BF4B-00C04F79EFBC}") = "PoWebAPI", "PoWebAPI\PoWebAPI.csproj", "{A69D3D3D-5305-4F3B-A749-9F32C076C718}"
EndProject
Global
	GlobalSection(SolutionConfigurationPlatforms) = preSolution
		Debug|Any CPU = Debug|Any CPU
		Release|Any CPU = Release|Any CPU
	EndGlobalSection
	GlobalSection(ProjectConfigurationPlatforms) = postSolution
		{A69D3D3D-5305-4F3B-A749-9F32C076C718}.Debug|Any CPU.ActiveCfg = Debug|Any CPU
		{A69D3D3D-5305-4F3B-A749-9F32C076C718}.Debug|Any CPU.Build.0 = Debug|Any CPU
		{A69D3D3D-5305-4F3B-A749-9F32C076C718}.Release|Any CPU.ActiveCfg = Release|Any CPU
		{A69D3D3D-5305-4F3B-A749-9F32C076C718}.Release|Any CPU.Build.0 = Release|Any CPU
	EndGlobalSection
	GlobalSection(SolutionProperties) = preSolution
		HideSolutionNode = FALSE
	EndGlobalSection
	GlobalSection(ExtensibilityGlobals) = postSolution
		SolutionGuid = {095AB272-6492-4291-83AC-F2A6846917FA}
	EndGlobalSection
EndGlobal
